
Microsoft Visual Studio Solution File, Format Version 12.00
# Visual Studio Version 17
VisualStudioVersion = 17.14.36401.2
MinimumVisualStudioVersion = 10.0.40219.1
Project("{FAE04EC0-301F-11D3-BF4B-00C04F79EFBC}") = "api-service", "api-service\api-service.csproj", "{2142E841-D523-4078-A533-2BC5FCE0CC72}"
EndProject
Project("{2150E333-8FDC-42A3-9474-1A3956D46DE8}") = "Tests", "Tests", "{02EA681E-C7D8-13C7-8484-4AC65E1B71E8}"
EndProject
Project("{FAE04EC0-301F-11D3-BF4B-00C04F79EFBC}") = "Tests", "Tests\Tests.csproj", "{ACD5B532-1DC9-401B-8777-80C2A7821158}"
EndProject
Global
	GlobalSection(SolutionConfigurationPlatforms) = preSolution
		Debug|Any CPU = Debug|Any CPU
		Release|Any CPU = Release|Any CPU
	EndGlobalSection
	GlobalSection(ProjectConfigurationPlatforms) = postSolution
		{2142E841-D523-4078-A533-2BC5FCE0CC72}.Debug|Any CPU.ActiveCfg = Debug|Any CPU
		{2142E841-D523-4078-A533-2BC5FCE0CC72}.Debug|Any CPU.Build.0 = Debug|Any CPU
		{2142E841-D523-4078-A533-2BC5FCE0CC72}.Release|Any CPU.ActiveCfg = Release|Any CPU
		{2142E841-D523-4078-A533-2BC5FCE0CC72}.Release|Any CPU.Build.0 = Release|Any CPU
		{ACD5B532-1DC9-401B-8777-80C2A7821158}.Debug|Any CPU.ActiveCfg = Debug|Any CPU
		{ACD5B532-1DC9-401B-8777-80C2A7821158}.Debug|Any CPU.Build.0 = Debug|Any CPU
		{ACD5B532-1DC9-401B-8777-80C2A7821158}.Release|Any CPU.ActiveCfg = Release|Any CPU
		{ACD5B532-1DC9-401B-8777-80C2A7821158}.Release|Any CPU.Build.0 = Release|Any CPU
	EndGlobalSection
	GlobalSection(SolutionProperties) = preSolution
		HideSolutionNode = FALSE
	EndGlobalSection
	GlobalSection(NestedProjects) = preSolution
		{ACD5B532-1DC9-401B-8777-80C2A7821158} = {02EA681E-C7D8-13C7-8484-4AC65E1B71E8}
	EndGlobalSection
	GlobalSection(ExtensibilityGlobals) = postSolution
		SolutionGuid = {B84C4E82-4334-4BA1-BC54-146F59727168}
	EndGlobalSection
EndGlobal
